
Microsoft Visual Studio Solution File, Format Version 12.00
# Visual Studio Version 17
VisualStudioVersion = 17.3.32922.545
MinimumVisualStudioVersion = 10.0.40219.1
Project("{FAE04EC0-301F-11D3-BF4B-00C04F79EFBC}") = "calculator-app-2022-autumn", "calculator-app-2022-autumn.csproj", "{7916B8A1-8A62-4B7C-9457-739A8946BB8D}"
EndProject
Global
	GlobalSection(SolutionConfigurationPlatforms) = preSolution
		Debug|Any CPU = Debug|Any CPU
		Release|Any CPU = Release|Any CPU
	EndGlobalSection
	GlobalSection(ProjectConfigurationPlatforms) = postSolution
		{7916B8A1-8A62-4B7C-9457-739A8946BB8D}.Debug|Any CPU.ActiveCfg = Debug|Any CPU
		{7916B8A1-8A62-4B7C-9457-739A8946BB8D}.Debug|Any CPU.Build.0 = Debug|Any CPU
		{7916B8A1-8A62-4B7C-9457-739A8946BB8D}.Release|Any CPU.ActiveCfg = Release|Any CPU
		{7916B8A1-8A62-4B7C-9457-739A8946BB8D}.Release|Any CPU.Build.0 = Release|Any CPU
	EndGlobalSection
	GlobalSection(SolutionProperties) = preSolution
		HideSolutionNode = FALSE
	EndGlobalSection
	GlobalSection(ExtensibilityGlobals) = postSolution
		SolutionGuid = {2BC2A686-46DC-4071-BC6C-640A2A9FEC4A}
	EndGlobalSection
EndGlobal
